# This file is automatically @generated by Cargo.
# It is not intended for manual editing.
version = 4

[[package]]
name = "oxml"
version = "0.0.9"
source = "registry+https://github.com/rust-lang/crates.io-index"
checksum = "21cfe82a88f49f99d04270f9c40041e372b3fc12050c140e84e672810e82a651"

[[package]]
name = "oxml-site-snippets"
version = "0.0.10"
dependencies = [
 "oxml",
]
